// !$*UTF8*$!
{
	archiveVersion = 1;
	classes = {
	};
	objectVersion = 46;
	objects = {

/* Begin PBXBuildFile section */
		1D200A531EF92D9C001CA974 /* Hf_details+CoreDataProperties.swift in Sources */ = {isa = PBXBuildFile; fileRef = 1D200A521EF92D9C001CA974 /* Hf_details+CoreDataProperties.swift */; };
		1D35EE5A1EF7994500AD97F9 /* AppDelegate.swift in Sources */ = {isa = PBXBuildFile; fileRef = 1D35EE591EF7994500AD97F9 /* AppDelegate.swift */; };
		1D35EE5C1EF7994500AD97F9 /* MainVC.swift in Sources */ = {isa = PBXBuildFile; fileRef = 1D35EE5B1EF7994500AD97F9 /* MainVC.swift */; };
		1D35EE5F1EF7994500AD97F9 /* Main.storyboard in Resources */ = {isa = PBXBuildFile; fileRef = 1D35EE5D1EF7994500AD97F9 /* Main.storyboard */; };
		1D35EE621EF7994500AD97F9 /* homeFellow.xcdatamodeld in Sources */ = {isa = PBXBuildFile; fileRef = 1D35EE601EF7994500AD97F9 /* homeFellow.xcdatamodeld */; };
		1D35EE641EF7994500AD97F9 /* Assets.xcassets in Resources */ = {isa = PBXBuildFile; fileRef = 1D35EE631EF7994500AD97F9 /* Assets.xcassets */; };
		1D35EE671EF7994500AD97F9 /* LaunchScreen.storyboard in Resources */ = {isa = PBXBuildFile; fileRef = 1D35EE651EF7994500AD97F9 /* LaunchScreen.storyboard */; };
		1D35EE721EF7994500AD97F9 /* homeFellowTests.swift in Sources */ = {isa = PBXBuildFile; fileRef = 1D35EE711EF7994500AD97F9 /* homeFellowTests.swift */; };
		1D35EE7D1EF7994500AD97F9 /* homeFellowUITests.swift in Sources */ = {isa = PBXBuildFile; fileRef = 1D35EE7C1EF7994500AD97F9 /* homeFellowUITests.swift */; };
		1D35EE8C1EF79DB500AD97F9 /* CoreData.framework in Frameworks */ = {isa = PBXBuildFile; fileRef = 1D35EE8B1EF79DB500AD97F9 /* CoreData.framework */; };
		1D35EE8F1EF79EC700AD97F9 /* Hf_details+CoreDataClass.swift in Sources */ = {isa = PBXBuildFile; fileRef = 1D35EE8D1EF79EC700AD97F9 /* Hf_details+CoreDataClass.swift */; };
		1D35EE941EF7BD8C00AD97F9 /* icon-60@2x.png in Resources */ = {isa = PBXBuildFile; fileRef = 1D35EE931EF7BD8C00AD97F9 /* icon-60@2x.png */; };
		1D35EE971EF7BDDD00AD97F9 /* MaterialView.swift in Sources */ = {isa = PBXBuildFile; fileRef = 1D35EE961EF7BDDD00AD97F9 /* MaterialView.swift */; };
		1D35EE991EF7C23B00AD97F9 /* hfdetailcell.swift in Sources */ = {isa = PBXBuildFile; fileRef = 1D35EE981EF7C23B00AD97F9 /* hfdetailcell.swift */; };
		1D97D8461EF7ED8F0036C93C /* hfdetailsVC.swift in Sources */ = {isa = PBXBuildFile; fileRef = 1D97D8451EF7ED8F0036C93C /* hfdetailsVC.swift */; };
/* End PBXBuildFile section */

/* Begin PBXContainerItemProxy section */
		1D35EE6E1EF7994500AD97F9 /* PBXContainerItemProxy */ = {
			isa = PBXContainerItemProxy;
			containerPortal = 1D35EE4E1EF7994500AD97F9 /* Project object */;
			proxyType = 1;
			remoteGlobalIDString = 1D35EE551EF7994500AD97F9;
			remoteInfo = homeFellow;
		};
		1D35EE791EF7994500AD97F9 /* PBXContainerItemProxy */ = {
			isa = PBXContainerItemProxy;
			containerPortal = 1D35EE4E1EF7994500AD97F9 /* Project object */;
			proxyType = 1;
			remoteGlobalIDString = 1D35EE551EF7994500AD97F9;
			remoteInfo = homeFellow;
		};
/* End PBXContainerItemProxy section */

/* Begin PBXFileReference section */
		1D200A521EF92D9C001CA974 /* Hf_details+CoreDataProperties.swift */ = {isa = PBXFileReference; fileEncoding = 4; lastKnownFileType = sourcecode.swift; name = "Hf_details+CoreDataProperties.swift"; path = "../Hf_details+CoreDataProperties.swift"; sourceTree = "<group>"; };
		1D35EE561EF7994500AD97F9 /* homeFellow.app */ = {isa = PBXFileReference; explicitFileType = wrapper.application; includeInIndex = 0; path = homeFellow.app; sourceTree = BUILT_PRODUCTS_DIR; };
		1D35EE591EF7994500AD97F9 /* AppDelegate.swift */ = {isa = PBXFileReference; lastKnownFileType = sourcecode.swift; path = AppDelegate.swift; sourceTree = "<group>"; };
		1D35EE5B1EF7994500AD97F9 /* MainVC.swift */ = {isa = PBXFileReference; lastKnownFileType = sourcecode.swift; path = MainVC.swift; sourceTree = "<group>"; };
		1D35EE5E1EF7994500AD97F9 /* Base */ = {isa = PBXFileReference; lastKnownFileType = file.storyboard; name = Base; path = Base.lproj/Main.storyboard; sourceTree = "<group>"; };
		1D35EE611EF7994500AD97F9 /* homeFellow.xcdatamodel */ = {isa = PBXFileReference; lastKnownFileType = wrapper.xcdatamodel; path = homeFellow.xcdatamodel; sourceTree = "<group>"; };
		1D35EE631EF7994500AD97F9 /* Assets.xcassets */ = {isa = PBXFileReference; lastKnownFileType = folder.assetcatalog; path = Assets.xcassets; sourceTree = "<group>"; };
		1D35EE661EF7994500AD97F9 /* Base */ = {isa = PBXFileReference; lastKnownFileType = file.storyboard; name = Base; path = Base.lproj/LaunchScreen.storyboard; sourceTree = "<group>"; };
		1D35EE681EF7994500AD97F9 /* Info.plist */ = {isa = PBXFileReference; lastKnownFileType = text.plist.xml; path = Info.plist; sourceTree = "<group>"; };
		1D35EE6D1EF7994500AD97F9 /* homeFellowTests.xctest */ = {isa = PBXFileReference; explicitFileType = wrapper.cfbundle; includeInIndex = 0; path = homeFellowTests.xctest; sourceTree = BUILT_PRODUCTS_DIR; };
		1D35EE711EF7994500AD97F9 /* homeFellowTests.swift */ = {isa = PBXFileReference; lastKnownFileType = sourcecode.swift; path = homeFellowTests.swift; sourceTree = "<group>"; };
		1D35EE731EF7994500AD97F9 /* Info.plist */ = {isa = PBXFileReference; lastKnownFileType = text.plist.xml; path = Info.plist; sourceTree = "<group>"; };
		1D35EE781EF7994500AD97F9 /* homeFellowUITests.xctest */ = {isa = PBXFileReference; explicitFileType = wrapper.cfbundle; includeInIndex = 0; path = homeFellowUITests.xctest; sourceTree = BUILT_PRODUCTS_DIR; };
		1D35EE7C1EF7994500AD97F9 /* homeFellowUITests.swift */ = {isa = PBXFileReference; lastKnownFileType = sourcecode.swift; path = homeFellowUITests.swift; sourceTree = "<group>"; };
		1D35EE7E1EF7994500AD97F9 /* Info.plist */ = {isa = PBXFileReference; lastKnownFileType = text.plist.xml; path = Info.plist; sourceTree = "<group>"; };
		1D35EE8B1EF79DB500AD97F9 /* CoreData.framework */ = {isa = PBXFileReference; lastKnownFileType = wrapper.framework; name = CoreData.framework; path = System/Library/Frameworks/CoreData.framework; sourceTree = SDKROOT; };
		1D35EE8D1EF79EC700AD97F9 /* Hf_details+CoreDataClass.swift */ = {isa = PBXFileReference; fileEncoding = 4; lastKnownFileType = sourcecode.swift; name = "Hf_details+CoreDataClass.swift"; path = "../Hf_details+CoreDataClass.swift"; sourceTree = "<group>"; };
		1D35EE931EF7BD8C00AD97F9 /* icon-60@2x.png */ = {isa = PBXFileReference; lastKnownFileType = image.png; path = "icon-60@2x.png"; sourceTree = "<group>"; };
		1D35EE961EF7BDDD00AD97F9 /* MaterialView.swift */ = {isa = PBXFileReference; fileEncoding = 4; lastKnownFileType = sourcecode.swift; path = MaterialView.swift; sourceTree = "<group>"; };
		1D35EE981EF7C23B00AD97F9 /* hfdetailcell.swift */ = {isa = PBXFileReference; fileEncoding = 4; lastKnownFileType = sourcecode.swift; path = hfdetailcell.swift; sourceTree = "<group>"; };
		1D97D8451EF7ED8F0036C93C /* hfdetailsVC.swift */ = {isa = PBXFileReference; fileEncoding = 4; lastKnownFileType = sourcecode.swift; path = hfdetailsVC.swift; sourceTree = "<group>"; };
/* End PBXFileReference section */

/* Begin PBXFrameworksBuildPhase section */
		1D35EE531EF7994500AD97F9 /* Frameworks */ = {
			isa = PBXFrameworksBuildPhase;
			buildActionMask = 2147483647;
			files = (
				1D35EE8C1EF79DB500AD97F9 /* CoreData.framework in Frameworks */,
			);
			runOnlyForDeploymentPostprocessing = 0;
		};
		1D35EE6A1EF7994500AD97F9 /* Frameworks */ = {
			isa = PBXFrameworksBuildPhase;
			buildActionMask = 2147483647;
			files = (
			);
			runOnlyForDeploymentPostprocessing = 0;
		};
		1D35EE751EF7994500AD97F9 /* Frameworks */ = {
			isa = PBXFrameworksBuildPhase;
			buildActionMask = 2147483647;
			files = (
			);
			runOnlyForDeploymentPostprocessing = 0;
		};
/* End PBXFrameworksBuildPhase section */

/* Begin PBXGroup section */
		1D35EE4D1EF7994500AD97F9 = {
			isa = PBXGroup;
			children = (
				1D35EE581EF7994500AD97F9 /* homeFellow */,
				1D35EE701EF7994500AD97F9 /* homeFellowTests */,
				1D35EE7B1EF7994500AD97F9 /* homeFellowUITests */,
				1D35EE571EF7994500AD97F9 /* Products */,
				1D35EE8A1EF79DB500AD97F9 /* Frameworks */,
			);
			sourceTree = "<group>";
		};
		1D35EE571EF7994500AD97F9 /* Products */ = {
			isa = PBXGroup;
			children = (
				1D35EE561EF7994500AD97F9 /* homeFellow.app */,
				1D35EE6D1EF7994500AD97F9 /* homeFellowTests.xctest */,
				1D35EE781EF7994500AD97F9 /* homeFellowUITests.xctest */,
			);
			name = Products;
			sourceTree = "<group>";
		};
		1D35EE581EF7994500AD97F9 /* homeFellow */ = {
			isa = PBXGroup;
			children = (
				1D97D8441EF7ED570036C93C /* Controller */,
				1D35EE951EF7BDC300AD97F9 /* View */,
				1D35EE911EF79F3900AD97F9 /* Model */,
				1D35EE591EF7994500AD97F9 /* AppDelegate.swift */,
				1D35EE5D1EF7994500AD97F9 /* Main.storyboard */,
				1D35EE631EF7994500AD97F9 /* Assets.xcassets */,
				1D35EE651EF7994500AD97F9 /* LaunchScreen.storyboard */,
				1D35EE931EF7BD8C00AD97F9 /* icon-60@2x.png */,
				1D35EE681EF7994500AD97F9 /* Info.plist */,
				1D35EE601EF7994500AD97F9 /* homeFellow.xcdatamodeld */,
			);
			path = homeFellow;
			sourceTree = "<group>";
		};
		1D35EE701EF7994500AD97F9 /* homeFellowTests */ = {
			isa = PBXGroup;
			children = (
				1D35EE711EF7994500AD97F9 /* homeFellowTests.swift */,
				1D35EE731EF7994500AD97F9 /* Info.plist */,
			);
			path = homeFellowTests;
			sourceTree = "<group>";
		};
		1D35EE7B1EF7994500AD97F9 /* homeFellowUITests */ = {
			isa = PBXGroup;
			children = (
				1D35EE7C1EF7994500AD97F9 /* homeFellowUITests.swift */,
				1D35EE7E1EF7994500AD97F9 /* Info.plist */,
			);
			path = homeFellowUITests;
			sourceTree = "<group>";
		};
		1D35EE8A1EF79DB500AD97F9 /* Frameworks */ = {
			isa = PBXGroup;
			children = (
				1D35EE8B1EF79DB500AD97F9 /* CoreData.framework */,
			);
			name = Frameworks;
			sourceTree = "<group>";
		};
		1D35EE911EF79F3900AD97F9 /* Model */ = {
			isa = PBXGroup;
			children = (
				1D35EE8D1EF79EC700AD97F9 /* Hf_details+CoreDataClass.swift */,
				1D35EE921EF79F4200AD97F9 /* Generated */,
			);
			name = Model;
			sourceTree = "<group>";
		};
		1D35EE921EF79F4200AD97F9 /* Generated */ = {
			isa = PBXGroup;
			children = (
				1D200A521EF92D9C001CA974 /* Hf_details+CoreDataProperties.swift */,
			);
			name = Generated;
			sourceTree = "<group>";
		};
		1D35EE951EF7BDC300AD97F9 /* View */ = {
			isa = PBXGroup;
			children = (
				1D35EE961EF7BDDD00AD97F9 /* MaterialView.swift */,
				1D35EE981EF7C23B00AD97F9 /* hfdetailcell.swift */,
			);
			name = View;
			sourceTree = "<group>";
		};
		1D97D8441EF7ED570036C93C /* Controller */ = {
			isa = PBXGroup;
			children = (
				1D35EE5B1EF7994500AD97F9 /* MainVC.swift */,
				1D97D8451EF7ED8F0036C93C /* hfdetailsVC.swift */,
			);
			name = Controller;
			sourceTree = "<group>";
		};
/* End PBXGroup section */

/* Begin PBXNativeTarget section */
		1D35EE551EF7994500AD97F9 /* homeFellow */ = {
			isa = PBXNativeTarget;
			buildConfigurationList = 1D35EE811EF7994500AD97F9 /* Build configuration list for PBXNativeTarget "homeFellow" */;
			buildPhases = (
				1D35EE521EF7994500AD97F9 /* Sources */,
				1D35EE531EF7994500AD97F9 /* Frameworks */,
				1D35EE541EF7994500AD97F9 /* Resources */,
			);
			buildRules = (
			);
			dependencies = (
			);
			name = homeFellow;
			productName = homeFellow;
			productReference = 1D35EE561EF7994500AD97F9 /* homeFellow.app */;
			productType = "com.apple.product-type.application";
		};
		1D35EE6C1EF7994500AD97F9 /* homeFellowTests */ = {
			isa = PBXNativeTarget;
			buildConfigurationList = 1D35EE841EF7994500AD97F9 /* Build configuration list for PBXNativeTarget "homeFellowTests" */;
			buildPhases = (
				1D35EE691EF7994500AD97F9 /* Sources */,
				1D35EE6A1EF7994500AD97F9 /* Frameworks */,
				1D35EE6B1EF7994500AD97F9 /* Resources */,
			);
			buildRules = (
			);
			dependencies = (
				1D35EE6F1EF7994500AD97F9 /* PBXTargetDependency */,
			);
			name = homeFellowTests;
			productName = homeFellowTests;
			productReference = 1D35EE6D1EF7994500AD97F9 /* homeFellowTests.xctest */;
			productType = "com.apple.product-type.bundle.unit-test";
		};
		1D35EE771EF7994500AD97F9 /* homeFellowUITests */ = {
			isa = PBXNativeTarget;
			buildConfigurationList = 1D35EE871EF7994500AD97F9 /* Build configuration list for PBXNativeTarget "homeFellowUITests" */;
			buildPhases = (
				1D35EE741EF7994500AD97F9 /* Sources */,
				1D35EE751EF7994500AD97F9 /* Frameworks */,
				1D35EE761EF7994500AD97F9 /* Resources */,
			);
			buildRules = (
			);
			dependencies = (
				1D35EE7A1EF7994500AD97F9 /* PBXTargetDependency */,
			);
			name = homeFellowUITests;
			productName = homeFellowUITests;
			productReference = 1D35EE781EF7994500AD97F9 /* homeFellowUITests.xctest */;
			productType = "com.apple.product-type.bundle.ui-testing";
		};
/* End PBXNativeTarget section */

/* Begin PBXProject section */
		1D35EE4E1EF7994500AD97F9 /* Project object */ = {
			isa = PBXProject;
			attributes = {
				LastSwiftUpdateCheck = 0830;
				LastUpgradeCheck = 0830;
				ORGANIZATIONNAME = "christopher alphonse cervantes";
				TargetAttributes = {
					1D35EE551EF7994500AD97F9 = {
						CreatedOnToolsVersion = 8.3.3;
						DevelopmentTeam = 7EP5686Y73;
						ProvisioningStyle = Automatic;
					};
					1D35EE6C1EF7994500AD97F9 = {
						CreatedOnToolsVersion = 8.3.3;
						DevelopmentTeam = 7EP5686Y73;
						ProvisioningStyle = Automatic;
						TestTargetID = 1D35EE551EF7994500AD97F9;
					};
					1D35EE771EF7994500AD97F9 = {
						CreatedOnToolsVersion = 8.3.3;
						DevelopmentTeam = 7EP5686Y73;
						ProvisioningStyle = Automatic;
						TestTargetID = 1D35EE551EF7994500AD97F9;
					};
				};
			};
			buildConfigurationList = 1D35EE511EF7994500AD97F9 /* Build configuration list for PBXProject "homeFellow" */;
			compatibilityVersion = "Xcode 3.2";
			developmentRegion = English;
			hasScannedForEncodings = 0;
			knownRegions = (
				en,
				Base,
			);
			mainGroup = 1D35EE4D1EF7994500AD97F9;
			productRefGroup = 1D35EE571EF7994500AD97F9 /* Products */;
			projectDirPath = "";
			projectRoot = "";
			targets = (
				1D35EE551EF7994500AD97F9 /* homeFellow */,
				1D35EE6C1EF7994500AD97F9 /* homeFellowTests */,
				1D35EE771EF7994500AD97F9 /* homeFellowUITests */,
			);
		};
/* End PBXProject section */

/* Begin PBXResourcesBuildPhase section */
		1D35EE541EF7994500AD97F9 /* Resources */ = {
			isa = PBXResourcesBuildPhase;
			buildActionMask = 2147483647;
			files = (
				1D35EE671EF7994500AD97F9 /* LaunchScreen.storyboard in Resources */,
				1D35EE641EF7994500AD97F9 /* Assets.xcassets in Resources */,
				1D35EE5F1EF7994500AD97F9 /* Main.storyboard in Resources */,
				1D35EE941EF7BD8C00AD97F9 /* icon-60@2x.png in Resources */,
			);
			runOnlyForDeploymentPostprocessing = 0;
		};
		1D35EE6B1EF7994500AD97F9 /* Resources */ = {
			isa = PBXResourcesBuildPhase;
			buildActionMask = 2147483647;
			files = (
			);
			runOnlyForDeploymentPostprocessing = 0;
		};
		1D35EE761EF7994500AD97F9 /* Resources */ = {
			isa = PBXResourcesBuildPhase;
			buildActionMask = 2147483647;
			files = (
			);
			runOnlyForDeploymentPostprocessing = 0;
		};
/* End PBXResourcesBuildPhase section */

/* Begin PBXSourcesBuildPhase section */
		1D35EE521EF7994500AD97F9 /* Sources */ = {
			isa = PBXSourcesBuildPhase;
			buildActionMask = 2147483647;
			files = (
				1D35EE8F1EF79EC700AD97F9 /* Hf_details+CoreDataClass.swift in Sources */,
				1D200A531EF92D9C001CA974 /* Hf_details+CoreDataProperties.swift in Sources */,
				1D97D8461EF7ED8F0036C93C /* hfdetailsVC.swift in Sources */,
				1D35EE5C1EF7994500AD97F9 /* MainVC.swift in Sources */,
				1D35EE971EF7BDDD00AD97F9 /* MaterialView.swift in Sources */,
				1D35EE621EF7994500AD97F9 /* homeFellow.xcdatamodeld in Sources */,
				1D35EE991EF7C23B00AD97F9 /* hfdetailcell.swift in Sources */,
				1D35EE5A1EF7994500AD97F9 /* AppDelegate.swift in Sources */,
			);
			runOnlyForDeploymentPostprocessing = 0;
		};
		1D35EE691EF7994500AD97F9 /* Sources */ = {
			isa = PBXSourcesBuildPhase;
			buildActionMask = 2147483647;
			files = (
				1D35EE721EF7994500AD97F9 /* homeFellowTests.swift in Sources */,
			);
			runOnlyForDeploymentPostprocessing = 0;
		};
		1D35EE741EF7994500AD97F9 /* Sources */ = {
			isa = PBXSourcesBuildPhase;
			buildActionMask = 2147483647;
			files = (
				1D35EE7D1EF7994500AD97F9 /* homeFellowUITests.swift in Sources */,
			);
			runOnlyForDeploymentPostprocessing = 0;
		};
/* End PBXSourcesBuildPhase section */

/* Begin PBXTargetDependency section */
		1D35EE6F1EF7994500AD97F9 /* PBXTargetDependency */ = {
			isa = PBXTargetDependency;
			target = 1D35EE551EF7994500AD97F9 /* homeFellow */;
			targetProxy = 1D35EE6E1EF7994500AD97F9 /* PBXContainerItemProxy */;
		};
		1D35EE7A1EF7994500AD97F9 /* PBXTargetDependency */ = {
			isa = PBXTargetDependency;
			target = 1D35EE551EF7994500AD97F9 /* homeFellow */;
			targetProxy = 1D35EE791EF7994500AD97F9 /* PBXContainerItemProxy */;
		};
/* End PBXTargetDependency section */

/* Begin PBXVariantGroup section */
		1D35EE5D1EF7994500AD97F9 /* Main.storyboard */ = {
			isa = PBXVariantGroup;
			children = (
				1D35EE5E1EF7994500AD97F9 /* Base */,
			);
			name = Main.storyboard;
			sourceTree = "<group>";
		};
		1D35EE651EF7994500AD97F9 /* LaunchScreen.storyboard */ = {
			isa = PBXVariantGroup;
			children = (
				1D35EE661EF7994500AD97F9 /* Base */,
			);
			name = LaunchScreen.storyboard;
			sourceTree = "<group>";
		};
/* End PBXVariantGroup section */

/* Begin XCBuildConfiguration section */
		1D35EE7F1EF7994500AD97F9 /* Debug */ = {
			isa = XCBuildConfiguration;
			buildSettings = {
				ALWAYS_SEARCH_USER_PATHS = NO;
				CLANG_ANALYZER_NONNULL = YES;
				CLANG_ANALYZER_NUMBER_OBJECT_CONVERSION = YES_AGGRESSIVE;
				CLANG_CXX_LANGUAGE_STANDARD = "gnu++0x";
				CLANG_CXX_LIBRARY = "libc++";
				CLANG_ENABLE_MODULES = YES;
				CLANG_ENABLE_OBJC_ARC = YES;
				CLANG_WARN_BOOL_CONVERSION = YES;
				CLANG_WARN_CONSTANT_CONVERSION = YES;
				CLANG_WARN_DIRECT_OBJC_ISA_USAGE = YES_ERROR;
				CLANG_WARN_DOCUMENTATION_COMMENTS = YES;
				CLANG_WARN_EMPTY_BODY = YES;
				CLANG_WARN_ENUM_CONVERSION = YES;
				CLANG_WARN_INFINITE_RECURSION = YES;
				CLANG_WARN_INT_CONVERSION = YES;
				CLANG_WARN_OBJC_ROOT_CLASS = YES_ERROR;
				CLANG_WARN_SUSPICIOUS_MOVE = YES;
				CLANG_WARN_UNREACHABLE_CODE = YES;
				CLANG_WARN__DUPLICATE_METHOD_MATCH = YES;
				"CODE_SIGN_IDENTITY[sdk=iphoneos*]" = "iPhone Developer";
				COPY_PHASE_STRIP = NO;
				DEBUG_INFORMATION_FORMAT = dwarf;
				ENABLE_STRICT_OBJC_MSGSEND = YES;
				ENABLE_TESTABILITY = YES;
				GCC_C_LANGUAGE_STANDARD = gnu99;
				GCC_DYNAMIC_NO_PIC = NO;
				GCC_NO_COMMON_BLOCKS = YES;
				GCC_OPTIMIZATION_LEVEL = 0;
				GCC_PREPROCESSOR_DEFINITIONS = (
					"DEBUG=1",
					"$(inherited)",
				);
				GCC_WARN_64_TO_32_BIT_CONVERSION = YES;
				GCC_WARN_ABOUT_RETURN_TYPE = YES_ERROR;
				GCC_WARN_UNDECLARED_SELECTOR = YES;
				GCC_WARN_UNINITIALIZED_AUTOS = YES_AGGRESSIVE;
				GCC_WARN_UNUSED_FUNCTION = YES;
				GCC_WARN_UNUSED_VARIABLE = YES;
				IPHONEOS_DEPLOYMENT_TARGET = 10.3;
				MTL_ENABLE_DEBUG_INFO = YES;
				ONLY_ACTIVE_ARCH = YES;
				SDKROOT = iphoneos;
				SWIFT_ACTIVE_COMPILATION_CONDITIONS = DEBUG;
				SWIFT_OPTIMIZATION_LEVEL = "-Onone";
				TARGETED_DEVICE_FAMILY = "1,2";
			};
			name = Debug;
		};
		1D35EE801EF7994500AD97F9 /* Release */ = {
			isa = XCBuildConfiguration;
			buildSettings = {
				ALWAYS_SEARCH_USER_PATHS = NO;
				CLANG_ANALYZER_NONNULL = YES;
				CLANG_ANALYZER_NUMBER_OBJECT_CONVERSION = YES_AGGRESSIVE;
				CLANG_CXX_LANGUAGE_STANDARD = "gnu++0x";
				CLANG_CXX_LIBRARY = "libc++";
				CLANG_ENABLE_MODULES = YES;
				CLANG_ENABLE_OBJC_ARC = YES;
				CLANG_WARN_BOOL_CONVERSION = YES;
				CLANG_WARN_CONSTANT_CONVERSION = YES;
				CLANG_WARN_DIRECT_OBJC_ISA_USAGE = YES_ERROR;
				CLANG_WARN_DOCUMENTATION_COMMENTS = YES;
				CLANG_WARN_EMPTY_BODY = YES;
				CLANG_WARN_ENUM_CONVERSION = YES;
				CLANG_WARN_INFINITE_RECURSION = YES;
				CLANG_WARN_INT_CONVERSION = YES;
				CLANG_WARN_OBJC_ROOT_CLASS = YES_ERROR;
				CLANG_WARN_SUSPICIOUS_MOVE = YES;
				CLANG_WARN_UNREACHABLE_CODE = YES;
				CLANG_WARN__DUPLICATE_METHOD_MATCH = YES;
				"CODE_SIGN_IDENTITY[sdk=iphoneos*]" = "iPhone Developer";
				COPY_PHASE_STRIP = NO;
				DEBUG_INFORMATION_FORMAT = "dwarf-with-dsym";
				ENABLE_NS_ASSERTIONS = NO;
				ENABLE_STRICT_OBJC_MSGSEND = YES;
				GCC_C_LANGUAGE_STANDARD = gnu99;
				GCC_NO_COMMON_BLOCKS = YES;
				GCC_WARN_64_TO_32_BIT_CONVERSION = YES;
				GCC_WARN_ABOUT_RETURN_TYPE = YES_ERROR;
				GCC_WARN_UNDECLARED_SELECTOR = YES;
				GCC_WARN_UNINITIALIZED_AUTOS = YES_AGGRESSIVE;
				GCC_WARN_UNUSED_FUNCTION = YES;
				GCC_WARN_UNUSED_VARIABLE = YES;
				IPHONEOS_DEPLOYMENT_TARGET = 10.3;
				MTL_ENABLE_DEBUG_INFO = NO;
				SDKROOT = iphoneos;
				SWIFT_OPTIMIZATION_LEVEL = "-Owholemodule";
				TARGETED_DEVICE_FAMILY = "1,2";
				VALIDATE_PRODUCT = YES;
			};
			name = Release;
		};
		1D35EE821EF7994500AD97F9 /* Debug */ = {
			isa = XCBuildConfiguration;
			buildSettings = {
				ASSETCATALOG_COMPILER_APPICON_NAME = AppIcon;
				DEVELOPMENT_TEAM = 7EP5686Y73;
				INFOPLIST_FILE = homeFellow/Info.plist;
				IPHONEOS_DEPLOYMENT_TARGET = 10.2;
				LD_RUNPATH_SEARCH_PATHS = "$(inherited) @executable_path/Frameworks";
				PRODUCT_BUNDLE_IDENTIFIER = com.stand4jc.homeFellow;
				PRODUCT_NAME = "$(TARGET_NAME)";
				SWIFT_VERSION = 3.0;
			};
			name = Debug;
		};
		1D35EE831EF7994500AD97F9 /* Release */ = {
			isa = XCBuildConfiguration;
			buildSettings = {
				ASSETCATALOG_COMPILER_APPICON_NAME = AppIcon;
				DEVELOPMENT_TEAM = 7EP5686Y73;
				INFOPLIST_FILE = homeFellow/Info.plist;
				IPHONEOS_DEPLOYMENT_TARGET = 10.2;
				LD_RUNPATH_SEARCH_PATHS = "$(inherited) @executable_path/Frameworks";
				PRODUCT_BUNDLE_IDENTIFIER = com.stand4jc.homeFellow;
				PRODUCT_NAME = "$(TARGET_NAME)";
				SWIFT_VERSION = 3.0;
			};
			name = Release;
		};
		1D35EE851EF7994500AD97F9 /* Debug */ = {
			isa = XCBuildConfiguration;
			buildSettings = {
				ALWAYS_EMBED_SWIFT_STANDARD_LIBRARIES = YES;
				BUNDLE_LOADER = "$(TEST_HOST)";
				DEVELOPMENT_TEAM = 7EP5686Y73;
				INFOPLIST_FILE = homeFellowTests/Info.plist;
				LD_RUNPATH_SEARCH_PATHS = "$(inherited) @executable_path/Frameworks @loader_path/Frameworks";
				PRODUCT_BUNDLE_IDENTIFIER = com.stand4jc.homeFellowTests;
				PRODUCT_NAME = "$(TARGET_NAME)";
				SWIFT_VERSION = 3.0;
				TEST_HOST = "$(BUILT_PRODUCTS_DIR)/homeFellow.app/homeFellow";
			};
			name = Debug;
		};
		1D35EE861EF7994500AD97F9 /* Release */ = {
			isa = XCBuildConfiguration;
			buildSettings = {
				ALWAYS_EMBED_SWIFT_STANDARD_LIBRARIES = YES;
				BUNDLE_LOADER = "$(TEST_HOST)";
				DEVELOPMENT_TEAM = 7EP5686Y73;
				INFOPLIST_FILE = homeFellowTests/Info.plist;
				LD_RUNPATH_SEARCH_PATHS = "$(inherited) @executable_path/Frameworks @loader_path/Frameworks";
				PRODUCT_BUNDLE_IDENTIFIER = com.stand4jc.homeFellowTests;
				PRODUCT_NAME = "$(TARGET_NAME)";
				SWIFT_VERSION = 3.0;
				TEST_HOST = "$(BUILT_PRODUCTS_DIR)/homeFellow.app/homeFellow";
			};
			name = Release;
		};
		1D35EE881EF7994500AD97F9 /* Debug */ = {
			isa = XCBuildConfiguration;
			buildSettings = {
				ALWAYS_EMBED_SWIFT_STANDARD_LIBRARIES = YES;
				DEVELOPMENT_TEAM = 7EP5686Y73;
				INFOPLIST_FILE = homeFellowUITests/Info.plist;
				LD_RUNPATH_SEARCH_PATHS = "$(inherited) @executable_path/Frameworks @loader_path/Frameworks";
				PRODUCT_BUNDLE_IDENTIFIER = com.stand4jc.homeFellowUITests;
				PRODUCT_NAME = "$(TARGET_NAME)";
				SWIFT_VERSION = 3.0;
				TEST_TARGET_NAME = homeFellow;
			};
			name = Debug;
		};
		1D35EE891EF7994500AD97F9 /* Release */ = {
			isa = XCBuildConfiguration;
			buildSettings = {
				ALWAYS_EMBED_SWIFT_STANDARD_LIBRARIES = YES;
				DEVELOPMENT_TEAM = 7EP5686Y73;
				INFOPLIST_FILE = homeFellowUITests/Info.plist;
				LD_RUNPATH_SEARCH_PATHS = "$(inherited) @executable_path/Frameworks @loader_path/Frameworks";
				PRODUCT_BUNDLE_IDENTIFIER = com.stand4jc.homeFellowUITests;
				PRODUCT_NAME = "$(TARGET_NAME)";
				SWIFT_VERSION = 3.0;
				TEST_TARGET_NAME = homeFellow;
			};
			name = Release;
		};
/* End XCBuildConfiguration section */

/* Begin XCConfigurationList section */
		1D35EE511EF7994500AD97F9 /* Build configuration list for PBXProject "homeFellow" */ = {
			isa = XCConfigurationList;
			buildConfigurations = (
				1D35EE7F1EF7994500AD97F9 /* Debug */,
				1D35EE801EF7994500AD97F9 /* Release */,
			);
			defaultConfigurationIsVisible = 0;
			defaultConfigurationName = Release;
		};
		1D35EE811EF7994500AD97F9 /* Build configuration list for PBXNativeTarget "homeFellow" */ = {
			isa = XCConfigurationList;
			buildConfigurations = (
				1D35EE821EF7994500AD97F9 /* Debug */,
				1D35EE831EF7994500AD97F9 /* Release */,
			);
			defaultConfigurationIsVisible = 0;
			defaultConfigurationName = Release;
		};
		1D35EE841EF7994500AD97F9 /* Build configuration list for PBXNativeTarget "homeFellowTests" */ = {
			isa = XCConfigurationList;
			buildConfigurations = (
				1D35EE851EF7994500AD97F9 /* Debug */,
				1D35EE861EF7994500AD97F9 /* Release */,
			);
			defaultConfigurationIsVisible = 0;
			defaultConfigurationName = Release;
		};
		1D35EE871EF7994500AD97F9 /* Build configuration list for PBXNativeTarget "homeFellowUITests" */ = {
			isa = XCConfigurationList;
			buildConfigurations = (
				1D35EE881EF7994500AD97F9 /* Debug */,
				1D35EE891EF7994500AD97F9 /* Release */,
			);
			defaultConfigurationIsVisible = 0;
			defaultConfigurationName = Release;
		};
/* End XCConfigurationList section */

/* Begin XCVersionGroup section */
		1D35EE601EF7994500AD97F9 /* homeFellow.xcdatamodeld */ = {
			isa = XCVersionGroup;
			children = (
				1D35EE611EF7994500AD97F9 /* homeFellow.xcdatamodel */,
			);
			currentVersion = 1D35EE611EF7994500AD97F9 /* homeFellow.xcdatamodel */;
			path = homeFellow.xcdatamodeld;
			sourceTree = "<group>";
			versionGroupType = wrapper.xcdatamodel;
		};
/* End XCVersionGroup section */
	};
	rootObject = 1D35EE4E1EF7994500AD97F9 /* Project object */;
}
